
Microsoft Visual Studio Solution File, Format Version 12.00
# Visual Studio Version 16
VisualStudioVersion = 16.0.30002.166
MinimumVisualStudioVersion = 10.0.40219.1
Project("{9A19103F-16F7-4668-BE54-9A1E7A4F7556}") = "SQL_Test", "SQL_Test.csproj", "{BAA685B5-501E-4300-9414-53AFE1913AFC}"
EndProject
Global
	GlobalSection(SolutionConfigurationPlatforms) = preSolution
		Debug|Any CPU = Debug|Any CPU
		Debug|x64 = Debug|x64
		Release|Any CPU = Release|Any CPU
		Release|x64 = Release|x64
	EndGlobalSection
	GlobalSection(ProjectConfigurationPlatforms) = postSolution
		{BAA685B5-501E-4300-9414-53AFE1913AFC}.Debug|Any CPU.ActiveCfg = Debug|Any CPU
		{BAA685B5-501E-4300-9414-53AFE1913AFC}.Debug|Any CPU.Build.0 = Debug|Any CPU
		{BAA685B5-501E-4300-9414-53AFE1913AFC}.Debug|x64.ActiveCfg = Debug|x64
		{BAA685B5-501E-4300-9414-53AFE1913AFC}.Debug|x64.Build.0 = Debug|x64
		{BAA685B5-501E-4300-9414-53AFE1913AFC}.Release|Any CPU.ActiveCfg = Release|Any CPU
		{BAA685B5-501E-4300-9414-53AFE1913AFC}.Release|Any CPU.Build.0 = Release|Any CPU
		{BAA685B5-501E-4300-9414-53AFE1913AFC}.Release|x64.ActiveCfg = Release|x64
		{BAA685B5-501E-4300-9414-53AFE1913AFC}.Release|x64.Build.0 = Release|x64
	EndGlobalSection
	GlobalSection(SolutionProperties) = preSolution
		HideSolutionNode = FALSE
	EndGlobalSection
	GlobalSection(ExtensibilityGlobals) = postSolution
		SolutionGuid = {DC90F6B5-5E4A-42B1-BA91-0C4253D49FFC}
	EndGlobalSection
EndGlobal
